
Microsoft Visual Studio Solution File, Format Version 12.00
# Visual Studio Version 17
VisualStudioVersion = 17.9.34728.123
MinimumVisualStudioVersion = 10.0.40219.1
Project("{FAE04EC0-301F-11D3-BF4B-00C04F79EFBC}") = "28_NguyenVinhKhiem_N1_NUnit", "28_NguyenVinhKhiem_N1_NUnit.csproj", "{714CF4C0-F985-4757-A00D-725776B6E16F}"
EndProject
Project("{FAE04EC0-301F-11D3-BF4B-00C04F79EFBC}") = "28_NguyenVinhKhiem_N1_NUnitTester", "28_NguyenVinhKhiem_N1_NUnitTester\28_NguyenVinhKhiem_N1_NUnitTester.csproj", "{EB75706B-09D0-496E-97F0-F7DBF584E020}"
EndProject
Global
	GlobalSection(SolutionConfigurationPlatforms) = preSolution
		Debug|Any CPU = Debug|Any CPU
		Release|Any CPU = Release|Any CPU
	EndGlobalSection
	GlobalSection(ProjectConfigurationPlatforms) = postSolution
		{714CF4C0-F985-4757-A00D-725776B6E16F}.Debug|Any CPU.ActiveCfg = Debug|Any CPU
		{714CF4C0-F985-4757-A00D-725776B6E16F}.Debug|Any CPU.Build.0 = Debug|Any CPU
		{714CF4C0-F985-4757-A00D-725776B6E16F}.Release|Any CPU.ActiveCfg = Release|Any CPU
		{714CF4C0-F985-4757-A00D-725776B6E16F}.Release|Any CPU.Build.0 = Release|Any CPU
		{EB75706B-09D0-496E-97F0-F7DBF584E020}.Debug|Any CPU.ActiveCfg = Debug|Any CPU
		{EB75706B-09D0-496E-97F0-F7DBF584E020}.Debug|Any CPU.Build.0 = Debug|Any CPU
		{EB75706B-09D0-496E-97F0-F7DBF584E020}.Release|Any CPU.ActiveCfg = Release|Any CPU
		{EB75706B-09D0-496E-97F0-F7DBF584E020}.Release|Any CPU.Build.0 = Release|Any CPU
	EndGlobalSection
	GlobalSection(SolutionProperties) = preSolution
		HideSolutionNode = FALSE
	EndGlobalSection
	GlobalSection(ExtensibilityGlobals) = postSolution
		SolutionGuid = {9E6DBB8B-2401-416D-AB00-2F273C1A0905}
	EndGlobalSection
EndGlobal
